
Microsoft Visual Studio Solution File, Format Version 12.00
# Visual Studio Version 17
VisualStudioVersion = 17.0.31903.59
MinimumVisualStudioVersion = 10.0.40219.1
Project("{2150E333-8FDC-42A3-9474-1A3956D46DE8}") = "Domain", "Domain", "{0C5F5A01-1693-4D07-A3EE-ED5014E1CD3E}"
EndProject
Project("{2150E333-8FDC-42A3-9474-1A3956D46DE8}") = "Infra.Bus", "Infra.Bus", "{C35A2005-AAB9-4077-964B-BACA53C31B2B}"
EndProject
Project("{2150E333-8FDC-42A3-9474-1A3956D46DE8}") = "Presentation", "Presentation", "{618FED29-DE24-4CBF-ADFA-755F88FA492C}"
EndProject
Project("{2150E333-8FDC-42A3-9474-1A3956D46DE8}") = "Infra.IoC", "Infra.IoC", "{A5165A55-762E-4C20-BE22-1DD66C9845BF}"
EndProject
Project("{2150E333-8FDC-42A3-9474-1A3956D46DE8}") = "Microservices", "Microservices", "{FEDEEB94-3A07-493E-97AE-D961703108C3}"
EndProject
Project("{FAE04EC0-301F-11D3-BF4B-00C04F79EFBC}") = "RMQDemo.Domain.Core", "Domain\RMQDemo.Domain.Core.csproj", "{0BD7A448-FC13-4134-AB1B-9B896CA623C1}"
EndProject
Global
	GlobalSection(SolutionConfigurationPlatforms) = preSolution
		Debug|Any CPU = Debug|Any CPU
		Release|Any CPU = Release|Any CPU
	EndGlobalSection
	GlobalSection(SolutionProperties) = preSolution
		HideSolutionNode = FALSE
	EndGlobalSection
	GlobalSection(ProjectConfigurationPlatforms) = postSolution
		{0BD7A448-FC13-4134-AB1B-9B896CA623C1}.Debug|Any CPU.ActiveCfg = Debug|Any CPU
		{0BD7A448-FC13-4134-AB1B-9B896CA623C1}.Debug|Any CPU.Build.0 = Debug|Any CPU
		{0BD7A448-FC13-4134-AB1B-9B896CA623C1}.Release|Any CPU.ActiveCfg = Release|Any CPU
		{0BD7A448-FC13-4134-AB1B-9B896CA623C1}.Release|Any CPU.Build.0 = Release|Any CPU
	EndGlobalSection
	GlobalSection(NestedProjects) = preSolution
		{0BD7A448-FC13-4134-AB1B-9B896CA623C1} = {0C5F5A01-1693-4D07-A3EE-ED5014E1CD3E}
	EndGlobalSection
EndGlobal
